
Microsoft Visual Studio Solution File, Format Version 12.00
# Visual Studio 15
VisualStudioVersion = 15.0.28307.168
MinimumVisualStudioVersion = 10.0.40219.1
Project("{F184B08F-C81C-45F6-A57F-5ABD9991F28F}") = "Almacen-AH", "Almacen-AH\Almacen-AH.vbproj", "{8AA8E6A9-2E2C-4F81-ACBF-9702B18F1367}"
EndProject
Global
	GlobalSection(SolutionConfigurationPlatforms) = preSolution
		Debug|Any CPU = Debug|Any CPU
		Release|Any CPU = Release|Any CPU
	EndGlobalSection
	GlobalSection(ProjectConfigurationPlatforms) = postSolution
		{8AA8E6A9-2E2C-4F81-ACBF-9702B18F1367}.Debug|Any CPU.ActiveCfg = Debug|Any CPU
		{8AA8E6A9-2E2C-4F81-ACBF-9702B18F1367}.Debug|Any CPU.Build.0 = Debug|Any CPU
		{8AA8E6A9-2E2C-4F81-ACBF-9702B18F1367}.Release|Any CPU.ActiveCfg = Release|Any CPU
		{8AA8E6A9-2E2C-4F81-ACBF-9702B18F1367}.Release|Any CPU.Build.0 = Release|Any CPU
	EndGlobalSection
	GlobalSection(SolutionProperties) = preSolution
		HideSolutionNode = FALSE
	EndGlobalSection
	GlobalSection(ExtensibilityGlobals) = postSolution
		SolutionGuid = {A53C327B-9EBC-4A98-B790-438517923997}
	EndGlobalSection
EndGlobal
